// !$*UTF8*$!
{
	archiveVersion = 1;
	classes = {
	};
	objectVersion = 46;
	objects = {

/* Begin PBXBuildFile section */
		1BB85C4E1D115549007E3BF2 /* main.m in Sources */ = {isa = PBXBuildFile; fileRef = 1BB85C4D1D115549007E3BF2 /* main.m */; };
		1BB85C511D115549007E3BF2 /* AppDelegate.m in Sources */ = {isa = PBXBuildFile; fileRef = 1BB85C501D115549007E3BF2 /* AppDelegate.m */; };
		1BB85C591D115549007E3BF2 /* Assets.xcassets in Resources */ = {isa = PBXBuildFile; fileRef = 1BB85C581D115549007E3BF2 /* Assets.xcassets */; };
		1BB85C5C1D115549007E3BF2 /* LaunchScreen.storyboard in Resources */ = {isa = PBXBuildFile; fileRef = 1BB85C5A1D115549007E3BF2 /* LaunchScreen.storyboard */; };
		1BB85C811D1157C7007E3BF2 /* NSArray+Log.m in Sources */ = {isa = PBXBuildFile; fileRef = 1BB85C6A1D1157C7007E3BF2 /* NSArray+Log.m */; };
		1BB85C821D1157C7007E3BF2 /* NSAttributedString+CZAdditon.m in Sources */ = {isa = PBXBuildFile; fileRef = 1BB85C6C1D1157C7007E3BF2 /* NSAttributedString+CZAdditon.m */; };
		1BB85C831D1157C7007E3BF2 /* NSObject+CZRuntime.m in Sources */ = {isa = PBXBuildFile; fileRef = 1BB85C6E1D1157C7007E3BF2 /* NSObject+CZRuntime.m */; };
		1BB85C841D1157C7007E3BF2 /* NSString+CZBase64.m in Sources */ = {isa = PBXBuildFile; fileRef = 1BB85C701D1157C7007E3BF2 /* NSString+CZBase64.m */; };
		1BB85C851D1157C7007E3BF2 /* NSString+CZHash.m in Sources */ = {isa = PBXBuildFile; fileRef = 1BB85C721D1157C7007E3BF2 /* NSString+CZHash.m */; };
		1BB85C861D1157C7007E3BF2 /* NSString+CZPath.m in Sources */ = {isa = PBXBuildFile; fileRef = 1BB85C741D1157C7007E3BF2 /* NSString+CZPath.m */; };
		1BB85C871D1157C7007E3BF2 /* UIButton+CZAddition.m in Sources */ = {isa = PBXBuildFile; fileRef = 1BB85C761D1157C7007E3BF2 /* UIButton+CZAddition.m */; };
		1BB85C881D1157C7007E3BF2 /* UIColor+CZAddition.m in Sources */ = {isa = PBXBuildFile; fileRef = 1BB85C781D1157C7007E3BF2 /* UIColor+CZAddition.m */; };
		1BB85C891D1157C7007E3BF2 /* UILabel+CZAddition.m in Sources */ = {isa = PBXBuildFile; fileRef = 1BB85C7A1D1157C7007E3BF2 /* UILabel+CZAddition.m */; };
		1BB85C8A1D1157C7007E3BF2 /* UIScreen+CZAddition.m in Sources */ = {isa = PBXBuildFile; fileRef = 1BB85C7C1D1157C7007E3BF2 /* UIScreen+CZAddition.m */; };
		1BB85C8B1D1157C7007E3BF2 /* UIView+CZAddition.m in Sources */ = {isa = PBXBuildFile; fileRef = 1BB85C7E1D1157C7007E3BF2 /* UIView+CZAddition.m */; };
		1BB85C8C1D1157C7007E3BF2 /* UIViewController+CZAddition.m in Sources */ = {isa = PBXBuildFile; fileRef = 1BB85C801D1157C7007E3BF2 /* UIViewController+CZAddition.m */; };
		1BB85C8F1D1157EB007E3BF2 /* WYMainViewController.m in Sources */ = {isa = PBXBuildFile; fileRef = 1BB85C8E1D1157EB007E3BF2 /* WYMainViewController.m */; };
		93871AFD1D00B2463B9D405F /* libPods-网易新闻.a in Frameworks */ = {isa = PBXBuildFile; fileRef = 66ED8407C3EE3B587CFE20E6 /* libPods-网易新闻.a */; };
/* End PBXBuildFile section */

/* Begin PBXFileReference section */
		1BB85C491D115549007E3BF2 /* 网易新闻.app */ = {isa = PBXFileReference; explicitFileType = wrapper.application; includeInIndex = 0; path = "网易新闻.app"; sourceTree = BUILT_PRODUCTS_DIR; };
		1BB85C4D1D115549007E3BF2 /* main.m */ = {isa = PBXFileReference; lastKnownFileType = sourcecode.c.objc; path = main.m; sourceTree = "<group>"; };
		1BB85C4F1D115549007E3BF2 /* AppDelegate.h */ = {isa = PBXFileReference; lastKnownFileType = sourcecode.c.h; path = AppDelegate.h; sourceTree = "<group>"; };
		1BB85C501D115549007E3BF2 /* AppDelegate.m */ = {isa = PBXFileReference; lastKnownFileType = sourcecode.c.objc; path = AppDelegate.m; sourceTree = "<group>"; };
		1BB85C581D115549007E3BF2 /* Assets.xcassets */ = {isa = PBXFileReference; lastKnownFileType = folder.assetcatalog; path = Assets.xcassets; sourceTree = "<group>"; };
		1BB85C5B1D115549007E3BF2 /* Base */ = {isa = PBXFileReference; lastKnownFileType = file.storyboard; name = Base; path = Base.lproj/LaunchScreen.storyboard; sourceTree = "<group>"; };
		1BB85C5D1D115549007E3BF2 /* Info.plist */ = {isa = PBXFileReference; lastKnownFileType = text.plist.xml; path = Info.plist; sourceTree = "<group>"; };
		1BB85C681D1157C7007E3BF2 /* CZAdditions.h */ = {isa = PBXFileReference; fileEncoding = 4; lastKnownFileType = sourcecode.c.h; path = CZAdditions.h; sourceTree = "<group>"; };
		1BB85C691D1157C7007E3BF2 /* NSArray+Log.h */ = {isa = PBXFileReference; fileEncoding = 4; lastKnownFileType = sourcecode.c.h; path = "NSArray+Log.h"; sourceTree = "<group>"; };
		1BB85C6A1D1157C7007E3BF2 /* NSArray+Log.m */ = {isa = PBXFileReference; fileEncoding = 4; lastKnownFileType = sourcecode.c.objc; path = "NSArray+Log.m"; sourceTree = "<group>"; };
		1BB85C6B1D1157C7007E3BF2 /* NSAttributedString+CZAdditon.h */ = {isa = PBXFileReference; fileEncoding = 4; lastKnownFileType = sourcecode.c.h; path = "NSAttributedString+CZAdditon.h"; sourceTree = "<group>"; };
		1BB85C6C1D1157C7007E3BF2 /* NSAttributedString+CZAdditon.m */ = {isa = PBXFileReference; fileEncoding = 4; lastKnownFileType = sourcecode.c.objc; path = "NSAttributedString+CZAdditon.m"; sourceTree = "<group>"; };
		1BB85C6D1D1157C7007E3BF2 /* NSObject+CZRuntime.h */ = {isa = PBXFileReference; fileEncoding = 4; lastKnownFileType = sourcecode.c.h; path = "NSObject+CZRuntime.h"; sourceTree = "<group>"; };
		1BB85C6E1D1157C7007E3BF2 /* NSObject+CZRuntime.m */ = {isa = PBXFileReference; fileEncoding = 4; lastKnownFileType = sourcecode.c.objc; path = "NSObject+CZRuntime.m"; sourceTree = "<group>"; };
		1BB85C6F1D1157C7007E3BF2 /* NSString+CZBase64.h */ = {isa = PBXFileReference; fileEncoding = 4; lastKnownFileType = sourcecode.c.h; path = "NSString+CZBase64.h"; sourceTree = "<group>"; };
		1BB85C701D1157C7007E3BF2 /* NSString+CZBase64.m */ = {isa = PBXFileReference; fileEncoding = 4; lastKnownFileType = sourcecode.c.objc; path = "NSString+CZBase64.m"; sourceTree = "<group>"; };
		1BB85C711D1157C7007E3BF2 /* NSString+CZHash.h */ = {isa = PBXFileReference; fileEncoding = 4; lastKnownFileType = sourcecode.c.h; path = "NSString+CZHash.h"; sourceTree = "<group>"; };
		1BB85C721D1157C7007E3BF2 /* NSString+CZHash.m */ = {isa = PBXFileReference; fileEncoding = 4; lastKnownFileType = sourcecode.c.objc; path = "NSString+CZHash.m"; sourceTree = "<group>"; };
		1BB85C731D1157C7007E3BF2 /* NSString+CZPath.h */ = {isa = PBXFileReference; fileEncoding = 4; lastKnownFileType = sourcecode.c.h; path = "NSString+CZPath.h"; sourceTree = "<group>"; };
		1BB85C741D1157C7007E3BF2 /* NSString+CZPath.m */ = {isa = PBXFileReference; fileEncoding = 4; lastKnownFileType = sourcecode.c.objc; path = "NSString+CZPath.m"; sourceTree = "<group>"; };
		1BB85C751D1157C7007E3BF2 /* UIButton+CZAddition.h */ = {isa = PBXFileReference; fileEncoding = 4; lastKnownFileType = sourcecode.c.h; path = "UIButton+CZAddition.h"; sourceTree = "<group>"; };
		1BB85C761D1157C7007E3BF2 /* UIButton+CZAddition.m */ = {isa = PBXFileReference; fileEncoding = 4; lastKnownFileType = sourcecode.c.objc; path = "UIButton+CZAddition.m"; sourceTree = "<group>"; };
		1BB85C771D1157C7007E3BF2 /* UIColor+CZAddition.h */ = {isa = PBXFileReference; fileEncoding = 4; lastKnownFileType = sourcecode.c.h; path = "UIColor+CZAddition.h"; sourceTree = "<group>"; };
		1BB85C781D1157C7007E3BF2 /* UIColor+CZAddition.m */ = {isa = PBXFileReference; fileEncoding = 4; lastKnownFileType = sourcecode.c.objc; path = "UIColor+CZAddition.m"; sourceTree = "<group>"; };
		1BB85C791D1157C7007E3BF2 /* UILabel+CZAddition.h */ = {isa = PBXFileReference; fileEncoding = 4; lastKnownFileType = sourcecode.c.h; path = "UILabel+CZAddition.h"; sourceTree = "<group>"; };
		1BB85C7A1D1157C7007E3BF2 /* UILabel+CZAddition.m */ = {isa = PBXFileReference; fileEncoding = 4; lastKnownFileType = sourcecode.c.objc; path = "UILabel+CZAddition.m"; sourceTree = "<group>"; };
		1BB85C7B1D1157C7007E3BF2 /* UIScreen+CZAddition.h */ = {isa = PBXFileReference; fileEncoding = 4; lastKnownFileType = sourcecode.c.h; path = "UIScreen+CZAddition.h"; sourceTree = "<group>"; };
		1BB85C7C1D1157C7007E3BF2 /* UIScreen+CZAddition.m */ = {isa = PBXFileReference; fileEncoding = 4; lastKnownFileType = sourcecode.c.objc; path = "UIScreen+CZAddition.m"; sourceTree = "<group>"; };
		1BB85C7D1D1157C7007E3BF2 /* UIView+CZAddition.h */ = {isa = PBXFileReference; fileEncoding = 4; lastKnownFileType = sourcecode.c.h; path = "UIView+CZAddition.h"; sourceTree = "<group>"; };
		1BB85C7E1D1157C7007E3BF2 /* UIView+CZAddition.m */ = {isa = PBXFileReference; fileEncoding = 4; lastKnownFileType = sourcecode.c.objc; path = "UIView+CZAddition.m"; sourceTree = "<group>"; };
		1BB85C7F1D1157C7007E3BF2 /* UIViewController+CZAddition.h */ = {isa = PBXFileReference; fileEncoding = 4; lastKnownFileType = sourcecode.c.h; path = "UIViewController+CZAddition.h"; sourceTree = "<group>"; };
		1BB85C801D1157C7007E3BF2 /* UIViewController+CZAddition.m */ = {isa = PBXFileReference; fileEncoding = 4; lastKnownFileType = sourcecode.c.objc; path = "UIViewController+CZAddition.m"; sourceTree = "<group>"; };
		1BB85C8D1D1157EB007E3BF2 /* WYMainViewController.h */ = {isa = PBXFileReference; fileEncoding = 4; lastKnownFileType = sourcecode.c.h; path = WYMainViewController.h; sourceTree = "<group>"; };
		1BB85C8E1D1157EB007E3BF2 /* WYMainViewController.m */ = {isa = PBXFileReference; fileEncoding = 4; lastKnownFileType = sourcecode.c.objc; path = WYMainViewController.m; sourceTree = "<group>"; };
		66ED8407C3EE3B587CFE20E6 /* libPods-网易新闻.a */ = {isa = PBXFileReference; explicitFileType = archive.ar; includeInIndex = 0; path = "libPods-网易新闻.a"; sourceTree = BUILT_PRODUCTS_DIR; };
		9258BC1164102FCA747D4611 /* Pods-网易新闻.release.xcconfig */ = {isa = PBXFileReference; includeInIndex = 1; lastKnownFileType = text.xcconfig; name = "Pods-网易新闻.release.xcconfig"; path = "Pods/Target Support Files/Pods-网易新闻/Pods-网易新闻.release.xcconfig"; sourceTree = "<group>"; };
		C79666D8DE1C4F3BD7D31521 /* Pods-网易新闻.debug.xcconfig */ = {isa = PBXFileReference; includeInIndex = 1; lastKnownFileType = text.xcconfig; name = "Pods-网易新闻.debug.xcconfig"; path = "Pods/Target Support Files/Pods-网易新闻/Pods-网易新闻.debug.xcconfig"; sourceTree = "<group>"; };
/* End PBXFileReference section */

/* Begin PBXFrameworksBuildPhase section */
		1BB85C461D115549007E3BF2 /* Frameworks */ = {
			isa = PBXFrameworksBuildPhase;
			buildActionMask = 2147483647;
			files = (
				93871AFD1D00B2463B9D405F /* libPods-网易新闻.a in Frameworks */,
			);
			runOnlyForDeploymentPostprocessing = 0;
		};
/* End PBXFrameworksBuildPhase section */

/* Begin PBXGroup section */
		1BB85C401D115549007E3BF2 = {
			isa = PBXGroup;
			children = (
				1BB85C4B1D115549007E3BF2 /* 网易新闻 */,
				1BB85C4A1D115549007E3BF2 /* Products */,
				69BF1698AC1A40F6F27347E4 /* Pods */,
				4BA8CC615FB58BB48CCA7DD7 /* Frameworks */,
			);
			sourceTree = "<group>";
		};
		1BB85C4A1D115549007E3BF2 /* Products */ = {
			isa = PBXGroup;
			children = (
				1BB85C491D115549007E3BF2 /* 网易新闻.app */,
			);
			name = Products;
			sourceTree = "<group>";
		};
		1BB85C4B1D115549007E3BF2 /* 网易新闻 */ = {
			isa = PBXGroup;
			children = (
				1BB85C661D1157C7007E3BF2 /* Tools */,
				1BB85C631D1157C1007E3BF2 /* Classes */,
				1BB85C4F1D115549007E3BF2 /* AppDelegate.h */,
				1BB85C501D115549007E3BF2 /* AppDelegate.m */,
				1BB85C4C1D115549007E3BF2 /* Supporting Files */,
			);
			path = "网易新闻";
			sourceTree = "<group>";
		};
		1BB85C4C1D115549007E3BF2 /* Supporting Files */ = {
			isa = PBXGroup;
			children = (
				1BB85C581D115549007E3BF2 /* Assets.xcassets */,
				1BB85C5A1D115549007E3BF2 /* LaunchScreen.storyboard */,
				1BB85C5D1D115549007E3BF2 /* Info.plist */,
				1BB85C4D1D115549007E3BF2 /* main.m */,
			);
			name = "Supporting Files";
			sourceTree = "<group>";
		};
		1BB85C631D1157C1007E3BF2 /* Classes */ = {
			isa = PBXGroup;
			children = (
				1BB85C641D1157C1007E3BF2 /* Home */,
				1BB85C651D1157C1007E3BF2 /* Main */,
			);
			path = Classes;
			sourceTree = "<group>";
		};
		1BB85C641D1157C1007E3BF2 /* Home */ = {
			isa = PBXGroup;
			children = (
			);
			path = Home;
			sourceTree = "<group>";
		};
		1BB85C651D1157C1007E3BF2 /* Main */ = {
			isa = PBXGroup;
			children = (
				1BB85C8D1D1157EB007E3BF2 /* WYMainViewController.h */,
				1BB85C8E1D1157EB007E3BF2 /* WYMainViewController.m */,
			);
			path = Main;
			sourceTree = "<group>";
		};
		1BB85C661D1157C7007E3BF2 /* Tools */ = {
			isa = PBXGroup;
			children = (
				1BB85C671D1157C7007E3BF2 /* Additions */,
			);
			path = Tools;
			sourceTree = "<group>";
		};
		1BB85C671D1157C7007E3BF2 /* Additions */ = {
			isa = PBXGroup;
			children = (
				1BB85C681D1157C7007E3BF2 /* CZAdditions.h */,
				1BB85C691D1157C7007E3BF2 /* NSArray+Log.h */,
				1BB85C6A1D1157C7007E3BF2 /* NSArray+Log.m */,
				1BB85C6B1D1157C7007E3BF2 /* NSAttributedString+CZAdditon.h */,
				1BB85C6C1D1157C7007E3BF2 /* NSAttributedString+CZAdditon.m */,
				1BB85C6D1D1157C7007E3BF2 /* NSObject+CZRuntime.h */,
				1BB85C6E1D1157C7007E3BF2 /* NSObject+CZRuntime.m */,
				1BB85C6F1D1157C7007E3BF2 /* NSString+CZBase64.h */,
				1BB85C701D1157C7007E3BF2 /* NSString+CZBase64.m */,
				1BB85C711D1157C7007E3BF2 /* NSString+CZHash.h */,
				1BB85C721D1157C7007E3BF2 /* NSString+CZHash.m */,
				1BB85C731D1157C7007E3BF2 /* NSString+CZPath.h */,
				1BB85C741D1157C7007E3BF2 /* NSString+CZPath.m */,
				1BB85C751D1157C7007E3BF2 /* UIButton+CZAddition.h */,
				1BB85C761D1157C7007E3BF2 /* UIButton+CZAddition.m */,
				1BB85C771D1157C7007E3BF2 /* UIColor+CZAddition.h */,
				1BB85C781D1157C7007E3BF2 /* UIColor+CZAddition.m */,
				1BB85C791D1157C7007E3BF2 /* UILabel+CZAddition.h */,
				1BB85C7A1D1157C7007E3BF2 /* UILabel+CZAddition.m */,
				1BB85C7B1D1157C7007E3BF2 /* UIScreen+CZAddition.h */,
				1BB85C7C1D1157C7007E3BF2 /* UIScreen+CZAddition.m */,
				1BB85C7D1D1157C7007E3BF2 /* UIView+CZAddition.h */,
				1BB85C7E1D1157C7007E3BF2 /* UIView+CZAddition.m */,
				1BB85C7F1D1157C7007E3BF2 /* UIViewController+CZAddition.h */,
				1BB85C801D1157C7007E3BF2 /* UIViewController+CZAddition.m */,
			);
			path = Additions;
			sourceTree = "<group>";
		};
		4BA8CC615FB58BB48CCA7DD7 /* Frameworks */ = {
			isa = PBXGroup;
			children = (
				66ED8407C3EE3B587CFE20E6 /* libPods-网易新闻.a */,
			);
			name = Frameworks;
			sourceTree = "<group>";
		};
		69BF1698AC1A40F6F27347E4 /* Pods */ = {
			isa = PBXGroup;
			children = (
				C79666D8DE1C4F3BD7D31521 /* Pods-网易新闻.debug.xcconfig */,
				9258BC1164102FCA747D4611 /* Pods-网易新闻.release.xcconfig */,
			);
			name = Pods;
			sourceTree = "<group>";
		};
/* End PBXGroup section */

/* Begin PBXNativeTarget section */
		1BB85C481D115549007E3BF2 /* 网易新闻 */ = {
			isa = PBXNativeTarget;
			buildConfigurationList = 1BB85C601D115549007E3BF2 /* Build configuration list for PBXNativeTarget "网易新闻" */;
			buildPhases = (
				CF74EC9E2027842E1AA9BB76 /* [CP] Check Pods Manifest.lock */,
				1BB85C451D115549007E3BF2 /* Sources */,
				1BB85C461D115549007E3BF2 /* Frameworks */,
				1BB85C471D115549007E3BF2 /* Resources */,
				31E0AA9F8D597347E36C6E24 /* [CP] Embed Pods Frameworks */,
				5F729892EE78DB01B30A3812 /* [CP] Copy Pods Resources */,
			);
			buildRules = (
			);
			dependencies = (
			);
			name = "网易新闻";
			productName = "网易新闻";
			productReference = 1BB85C491D115549007E3BF2 /* 网易新闻.app */;
			productType = "com.apple.product-type.application";
		};
/* End PBXNativeTarget section */

/* Begin PBXProject section */
		1BB85C411D115549007E3BF2 /* Project object */ = {
			isa = PBXProject;
			attributes = {
				CLASSPREFIX = WY;
				LastUpgradeCheck = 0730;
				ORGANIZATIONNAME = "王姚";
				TargetAttributes = {
					1BB85C481D115549007E3BF2 = {
						CreatedOnToolsVersion = 7.3.1;
						DevelopmentTeam = 5XDM3B559Y;
					};
				};
			};
			buildConfigurationList = 1BB85C441D115549007E3BF2 /* Build configuration list for PBXProject "网易新闻" */;
			compatibilityVersion = "Xcode 3.2";
			developmentRegion = English;
			hasScannedForEncodings = 0;
			knownRegions = (
				en,
				Base,
			);
			mainGroup = 1BB85C401D115549007E3BF2;
			productRefGroup = 1BB85C4A1D115549007E3BF2 /* Products */;
			projectDirPath = "";
			projectRoot = "";
			targets = (
				1BB85C481D115549007E3BF2 /* 网易新闻 */,
			);
		};
/* End PBXProject section */

/* Begin PBXResourcesBuildPhase section */
		1BB85C471D115549007E3BF2 /* Resources */ = {
			isa = PBXResourcesBuildPhase;
			buildActionMask = 2147483647;
			files = (
				1BB85C5C1D115549007E3BF2 /* LaunchScreen.storyboard in Resources */,
				1BB85C591D115549007E3BF2 /* Assets.xcassets in Resources */,
			);
			runOnlyForDeploymentPostprocessing = 0;
		};
/* End PBXResourcesBuildPhase section */

/* Begin PBXShellScriptBuildPhase section */
		31E0AA9F8D597347E36C6E24 /* [CP] Embed Pods Frameworks */ = {
			isa = PBXShellScriptBuildPhase;
			buildActionMask = 2147483647;
			files = (
			);
			inputPaths = (
			);
			name = "[CP] Embed Pods Frameworks";
			outputPaths = (
			);
			runOnlyForDeploymentPostprocessing = 0;
			shellPath = /bin/sh;
			shellScript = "\"${SRCROOT}/Pods/Target Support Files/Pods-网易新闻/Pods-网易新闻-frameworks.sh\"\n";
			showEnvVarsInLog = 0;
		};
		5F729892EE78DB01B30A3812 /* [CP] Copy Pods Resources */ = {
			isa = PBXShellScriptBuildPhase;
			buildActionMask = 2147483647;
			files = (
			);
			inputPaths = (
			);
			name = "[CP] Copy Pods Resources";
			outputPaths = (
			);
			runOnlyForDeploymentPostprocessing = 0;
			shellPath = /bin/sh;
			shellScript = "\"${SRCROOT}/Pods/Target Support Files/Pods-网易新闻/Pods-网易新闻-resources.sh\"\n";
			showEnvVarsInLog = 0;
		};
		CF74EC9E2027842E1AA9BB76 /* [CP] Check Pods Manifest.lock */ = {
			isa = PBXShellScriptBuildPhase;
			buildActionMask = 2147483647;
			files = (
			);
			inputPaths = (
			);
			name = "[CP] Check Pods Manifest.lock";
			outputPaths = (
			);
			runOnlyForDeploymentPostprocessing = 0;
			shellPath = /bin/sh;
			shellScript = "diff \"${PODS_ROOT}/../Podfile.lock\" \"${PODS_ROOT}/Manifest.lock\" > /dev/null\nif [[ $? != 0 ]] ; then\n    cat << EOM\nerror: The sandbox is not in sync with the Podfile.lock. Run 'pod install' or update your CocoaPods installation.\nEOM\n    exit 1\nfi\n";
			showEnvVarsInLog = 0;
		};
/* End PBXShellScriptBuildPhase section */

/* Begin PBXSourcesBuildPhase section */
		1BB85C451D115549007E3BF2 /* Sources */ = {
			isa = PBXSourcesBuildPhase;
			buildActionMask = 2147483647;
			files = (
				1BB85C881D1157C7007E3BF2 /* UIColor+CZAddition.m in Sources */,
				1BB85C821D1157C7007E3BF2 /* NSAttributedString+CZAdditon.m in Sources */,
				1BB85C861D1157C7007E3BF2 /* NSString+CZPath.m in Sources */,
				1BB85C811D1157C7007E3BF2 /* NSArray+Log.m in Sources */,
				1BB85C511D115549007E3BF2 /* AppDelegate.m in Sources */,
				1BB85C871D1157C7007E3BF2 /* UIButton+CZAddition.m in Sources */,
				1BB85C8B1D1157C7007E3BF2 /* UIView+CZAddition.m in Sources */,
				1BB85C851D1157C7007E3BF2 /* NSString+CZHash.m in Sources */,
				1BB85C891D1157C7007E3BF2 /* UILabel+CZAddition.m in Sources */,
				1BB85C8F1D1157EB007E3BF2 /* WYMainViewController.m in Sources */,
				1BB85C841D1157C7007E3BF2 /* NSString+CZBase64.m in Sources */,
				1BB85C831D1157C7007E3BF2 /* NSObject+CZRuntime.m in Sources */,
				1BB85C8C1D1157C7007E3BF2 /* UIViewController+CZAddition.m in Sources */,
				1BB85C8A1D1157C7007E3BF2 /* UIScreen+CZAddition.m in Sources */,
				1BB85C4E1D115549007E3BF2 /* main.m in Sources */,
			);
			runOnlyForDeploymentPostprocessing = 0;
		};
/* End PBXSourcesBuildPhase section */

/* Begin PBXVariantGroup section */
		1BB85C5A1D115549007E3BF2 /* LaunchScreen.storyboard */ = {
			isa = PBXVariantGroup;
			children = (
				1BB85C5B1D115549007E3BF2 /* Base */,
			);
			name = LaunchScreen.storyboard;
			sourceTree = "<group>";
		};
/* End PBXVariantGroup section */

/* Begin XCBuildConfiguration section */
		1BB85C5E1D115549007E3BF2 /* Debug */ = {
			isa = XCBuildConfiguration;
			buildSettings = {
				ALWAYS_SEARCH_USER_PATHS = NO;
				CLANG_ANALYZER_NONNULL = YES;
				CLANG_CXX_LANGUAGE_STANDARD = "gnu++0x";
				CLANG_CXX_LIBRARY = "libc++";
				CLANG_ENABLE_MODULES = YES;
				CLANG_ENABLE_OBJC_ARC = YES;
				CLANG_WARN_BOOL_CONVERSION = YES;
				CLANG_WARN_CONSTANT_CONVERSION = YES;
				CLANG_WARN_DIRECT_OBJC_ISA_USAGE = YES_ERROR;
				CLANG_WARN_EMPTY_BODY = YES;
				CLANG_WARN_ENUM_CONVERSION = YES;
				CLANG_WARN_INT_CONVERSION = YES;
				CLANG_WARN_OBJC_ROOT_CLASS = YES_ERROR;
				CLANG_WARN_UNREACHABLE_CODE = YES;
				CLANG_WARN__DUPLICATE_METHOD_MATCH = YES;
				"CODE_SIGN_IDENTITY[sdk=iphoneos*]" = "iPhone Developer";
				COPY_PHASE_STRIP = NO;
				DEBUG_INFORMATION_FORMAT = dwarf;
				ENABLE_STRICT_OBJC_MSGSEND = YES;
				ENABLE_TESTABILITY = YES;
				GCC_C_LANGUAGE_STANDARD = gnu99;
				GCC_DYNAMIC_NO_PIC = NO;
				GCC_NO_COMMON_BLOCKS = YES;
				GCC_OPTIMIZATION_LEVEL = 0;
				GCC_PREPROCESSOR_DEFINITIONS = (
					"DEBUG=1",
					"$(inherited)",
				);
				GCC_WARN_64_TO_32_BIT_CONVERSION = YES;
				GCC_WARN_ABOUT_RETURN_TYPE = YES_ERROR;
				GCC_WARN_UNDECLARED_SELECTOR = YES;
				GCC_WARN_UNINITIALIZED_AUTOS = YES_AGGRESSIVE;
				GCC_WARN_UNUSED_FUNCTION = YES;
				GCC_WARN_UNUSED_VARIABLE = YES;
				IPHONEOS_DEPLOYMENT_TARGET = 9.3;
				MTL_ENABLE_DEBUG_INFO = YES;
				ONLY_ACTIVE_ARCH = YES;
				SDKROOT = iphoneos;
			};
			name = Debug;
		};
		1BB85C5F1D115549007E3BF2 /* Release */ = {
			isa = XCBuildConfiguration;
			buildSettings = {
				ALWAYS_SEARCH_USER_PATHS = NO;
				CLANG_ANALYZER_NONNULL = YES;
				CLANG_CXX_LANGUAGE_STANDARD = "gnu++0x";
				CLANG_CXX_LIBRARY = "libc++";
				CLANG_ENABLE_MODULES = YES;
				CLANG_ENABLE_OBJC_ARC = YES;
				CLANG_WARN_BOOL_CONVERSION = YES;
				CLANG_WARN_CONSTANT_CONVERSION = YES;
				CLANG_WARN_DIRECT_OBJC_ISA_USAGE = YES_ERROR;
				CLANG_WARN_EMPTY_BODY = YES;
				CLANG_WARN_ENUM_CONVERSION = YES;
				CLANG_WARN_INT_CONVERSION = YES;
				CLANG_WARN_OBJC_ROOT_CLASS = YES_ERROR;
				CLANG_WARN_UNREACHABLE_CODE = YES;
				CLANG_WARN__DUPLICATE_METHOD_MATCH = YES;
				"CODE_SIGN_IDENTITY[sdk=iphoneos*]" = "iPhone Developer";
				COPY_PHASE_STRIP = NO;
				DEBUG_INFORMATION_FORMAT = "dwarf-with-dsym";
				ENABLE_NS_ASSERTIONS = NO;
				ENABLE_STRICT_OBJC_MSGSEND = YES;
				GCC_C_LANGUAGE_STANDARD = gnu99;
				GCC_NO_COMMON_BLOCKS = YES;
				GCC_WARN_64_TO_32_BIT_CONVERSION = YES;
				GCC_WARN_ABOUT_RETURN_TYPE = YES_ERROR;
				GCC_WARN_UNDECLARED_SELECTOR = YES;
				GCC_WARN_UNINITIALIZED_AUTOS = YES_AGGRESSIVE;
				GCC_WARN_UNUSED_FUNCTION = YES;
				GCC_WARN_UNUSED_VARIABLE = YES;
				IPHONEOS_DEPLOYMENT_TARGET = 9.3;
				MTL_ENABLE_DEBUG_INFO = NO;
				SDKROOT = iphoneos;
				VALIDATE_PRODUCT = YES;
			};
			name = Release;
		};
		1BB85C611D115549007E3BF2 /* Debug */ = {
			isa = XCBuildConfiguration;
			baseConfigurationReference = C79666D8DE1C4F3BD7D31521 /* Pods-网易新闻.debug.xcconfig */;
			buildSettings = {
				ASSETCATALOG_COMPILER_APPICON_NAME = AppIcon;
				INFOPLIST_FILE = "网易新闻/Info.plist";
				IPHONEOS_DEPLOYMENT_TARGET = 8.0;
				LD_RUNPATH_SEARCH_PATHS = "$(inherited) @executable_path/Frameworks";
				PRODUCT_BUNDLE_IDENTIFIER = "yao.cn.----";
				PRODUCT_NAME = "$(TARGET_NAME)";
			};
			name = Debug;
		};
		1BB85C621D115549007E3BF2 /* Release */ = {
			isa = XCBuildConfiguration;
			baseConfigurationReference = 9258BC1164102FCA747D4611 /* Pods-网易新闻.release.xcconfig */;
			buildSettings = {
				ASSETCATALOG_COMPILER_APPICON_NAME = AppIcon;
				INFOPLIST_FILE = "网易新闻/Info.plist";
				IPHONEOS_DEPLOYMENT_TARGET = 8.0;
				LD_RUNPATH_SEARCH_PATHS = "$(inherited) @executable_path/Frameworks";
				PRODUCT_BUNDLE_IDENTIFIER = "yao.cn.----";
				PRODUCT_NAME = "$(TARGET_NAME)";
			};
			name = Release;
		};
/* End XCBuildConfiguration section */

/* Begin XCConfigurationList section */
		1BB85C441D115549007E3BF2 /* Build configuration list for PBXProject "网易新闻" */ = {
			isa = XCConfigurationList;
			buildConfigurations = (
				1BB85C5E1D115549007E3BF2 /* Debug */,
				1BB85C5F1D115549007E3BF2 /* Release */,
			);
			defaultConfigurationIsVisible = 0;
			defaultConfigurationName = Release;
		};
		1BB85C601D115549007E3BF2 /* Build configuration list for PBXNativeTarget "网易新闻" */ = {
			isa = XCConfigurationList;
			buildConfigurations = (
				1BB85C611D115549007E3BF2 /* Debug */,
				1BB85C621D115549007E3BF2 /* Release */,
			);
			defaultConfigurationIsVisible = 0;
			defaultConfigurationName = Release;
		};
/* End XCConfigurationList section */
	};
	rootObject = 1BB85C411D115549007E3BF2 /* Project object */;
}
